// !$*UTF8*$!
{
	archiveVersion = 1;
	classes = {
	};
	objectVersion = 46;
	objects = {

/* Begin PBXBuildFile section */
		B7251EE51B6EF14100817397 /* main.m in Sources */ = {isa = PBXBuildFile; fileRef = B7251EE41B6EF14100817397 /* main.m */; };
		B7251EE81B6EF14100817397 /* AppDelegate.m in Sources */ = {isa = PBXBuildFile; fileRef = B7251EE71B6EF14100817397 /* AppDelegate.m */; };
		B7251EEB1B6EF14100817397 /* ViewController.m in Sources */ = {isa = PBXBuildFile; fileRef = B7251EEA1B6EF14100817397 /* ViewController.m */; };
		B7251EEE1B6EF14100817397 /* Main.storyboard in Resources */ = {isa = PBXBuildFile; fileRef = B7251EEC1B6EF14100817397 /* Main.storyboard */; };
		B7251EF01B6EF14100817397 /* Images.xcassets in Resources */ = {isa = PBXBuildFile; fileRef = B7251EEF1B6EF14100817397 /* Images.xcassets */; };
		B7251EF31B6EF14100817397 /* LaunchScreen.xib in Resources */ = {isa = PBXBuildFile; fileRef = B7251EF11B6EF14100817397 /* LaunchScreen.xib */; };
		B7251EFF1B6EF14100817397 /* BusFindrTests.m in Sources */ = {isa = PBXBuildFile; fileRef = B7251EFE1B6EF14100817397 /* BusFindrTests.m */; };
		B7251F091B6EF29200817397 /* Parse.framework in Frameworks */ = {isa = PBXBuildFile; fileRef = B7251F081B6EF29200817397 /* Parse.framework */; };
		B7251F0B1B6EF29C00817397 /* Bolts.framework in Frameworks */ = {isa = PBXBuildFile; fileRef = B7251F0A1B6EF29C00817397 /* Bolts.framework */; };
		B7251F0D1B6EF2E200817397 /* AudioToolbox.framework in Frameworks */ = {isa = PBXBuildFile; fileRef = B7251F0C1B6EF2E100817397 /* AudioToolbox.framework */; };
		B7251F0F1B6EF2E600817397 /* CFNetwork.framework in Frameworks */ = {isa = PBXBuildFile; fileRef = B7251F0E1B6EF2E600817397 /* CFNetwork.framework */; };
		B7251F111B6EF2EF00817397 /* CoreGraphics.framework in Frameworks */ = {isa = PBXBuildFile; fileRef = B7251F101B6EF2EF00817397 /* CoreGraphics.framework */; };
		B7251F131B6EF2FA00817397 /* CoreLocation.framework in Frameworks */ = {isa = PBXBuildFile; fileRef = B7251F121B6EF2FA00817397 /* CoreLocation.framework */; };
		B7251F151B6EF31100817397 /* QuartzCore.framework in Frameworks */ = {isa = PBXBuildFile; fileRef = B7251F141B6EF31100817397 /* QuartzCore.framework */; };
		B7251F171B6EF31600817397 /* Security.framework in Frameworks */ = {isa = PBXBuildFile; fileRef = B7251F161B6EF31600817397 /* Security.framework */; };
		B7251F191B6EF31F00817397 /* StoreKit.framework in Frameworks */ = {isa = PBXBuildFile; fileRef = B7251F181B6EF31F00817397 /* StoreKit.framework */; };
		B7251F1B1B6EF32B00817397 /* SystemConfiguration.framework in Frameworks */ = {isa = PBXBuildFile; fileRef = B7251F1A1B6EF32B00817397 /* SystemConfiguration.framework */; };
		B7251F1D1B6EF33B00817397 /* libz.dylib in Frameworks */ = {isa = PBXBuildFile; fileRef = B7251F1C1B6EF33B00817397 /* libz.dylib */; };
		B7251F1F1B6EF34D00817397 /* libsqlite3.dylib in Frameworks */ = {isa = PBXBuildFile; fileRef = B7251F1E1B6EF34D00817397 /* libsqlite3.dylib */; };
/* End PBXBuildFile section */

/* Begin PBXContainerItemProxy section */
		B7251EF91B6EF14100817397 /* PBXContainerItemProxy */ = {
			isa = PBXContainerItemProxy;
			containerPortal = B7251ED71B6EF14100817397 /* Project object */;
			proxyType = 1;
			remoteGlobalIDString = B7251EDE1B6EF14100817397;
			remoteInfo = BusFindr;
		};
/* End PBXContainerItemProxy section */

/* Begin PBXFileReference section */
		B7251EDF1B6EF14100817397 /* BusFindr.app */ = {isa = PBXFileReference; explicitFileType = wrapper.application; includeInIndex = 0; path = BusFindr.app; sourceTree = BUILT_PRODUCTS_DIR; };
		B7251EE31B6EF14100817397 /* Info.plist */ = {isa = PBXFileReference; lastKnownFileType = text.plist.xml; path = Info.plist; sourceTree = "<group>"; };
		B7251EE41B6EF14100817397 /* main.m */ = {isa = PBXFileReference; lastKnownFileType = sourcecode.c.objc; path = main.m; sourceTree = "<group>"; };
		B7251EE61B6EF14100817397 /* AppDelegate.h */ = {isa = PBXFileReference; lastKnownFileType = sourcecode.c.h; path = AppDelegate.h; sourceTree = "<group>"; };
		B7251EE71B6EF14100817397 /* AppDelegate.m */ = {isa = PBXFileReference; lastKnownFileType = sourcecode.c.objc; path = AppDelegate.m; sourceTree = "<group>"; };
		B7251EE91B6EF14100817397 /* ViewController.h */ = {isa = PBXFileReference; lastKnownFileType = sourcecode.c.h; path = ViewController.h; sourceTree = "<group>"; };
		B7251EEA1B6EF14100817397 /* ViewController.m */ = {isa = PBXFileReference; lastKnownFileType = sourcecode.c.objc; path = ViewController.m; sourceTree = "<group>"; };
		B7251EED1B6EF14100817397 /* Base */ = {isa = PBXFileReference; lastKnownFileType = file.storyboard; name = Base; path = Base.lproj/Main.storyboard; sourceTree = "<group>"; };
		B7251EEF1B6EF14100817397 /* Images.xcassets */ = {isa = PBXFileReference; lastKnownFileType = folder.assetcatalog; path = Images.xcassets; sourceTree = "<group>"; };
		B7251EF21B6EF14100817397 /* Base */ = {isa = PBXFileReference; lastKnownFileType = file.xib; name = Base; path = Base.lproj/LaunchScreen.xib; sourceTree = "<group>"; };
		B7251EF81B6EF14100817397 /* BusFindrTests.xctest */ = {isa = PBXFileReference; explicitFileType = wrapper.cfbundle; includeInIndex = 0; path = BusFindrTests.xctest; sourceTree = BUILT_PRODUCTS_DIR; };
		B7251EFD1B6EF14100817397 /* Info.plist */ = {isa = PBXFileReference; lastKnownFileType = text.plist.xml; path = Info.plist; sourceTree = "<group>"; };
		B7251EFE1B6EF14100817397 /* BusFindrTests.m */ = {isa = PBXFileReference; lastKnownFileType = sourcecode.c.objc; path = BusFindrTests.m; sourceTree = "<group>"; };
		B7251F081B6EF29200817397 /* Parse.framework */ = {isa = PBXFileReference; lastKnownFileType = wrapper.framework; path = Parse.framework; sourceTree = "<group>"; };
		B7251F0A1B6EF29C00817397 /* Bolts.framework */ = {isa = PBXFileReference; lastKnownFileType = wrapper.framework; path = Bolts.framework; sourceTree = "<group>"; };
		B7251F0C1B6EF2E100817397 /* AudioToolbox.framework */ = {isa = PBXFileReference; lastKnownFileType = wrapper.framework; name = AudioToolbox.framework; path = System/Library/Frameworks/AudioToolbox.framework; sourceTree = SDKROOT; };
		B7251F0E1B6EF2E600817397 /* CFNetwork.framework */ = {isa = PBXFileReference; lastKnownFileType = wrapper.framework; name = CFNetwork.framework; path = System/Library/Frameworks/CFNetwork.framework; sourceTree = SDKROOT; };
		B7251F101B6EF2EF00817397 /* CoreGraphics.framework */ = {isa = PBXFileReference; lastKnownFileType = wrapper.framework; name = CoreGraphics.framework; path = System/Library/Frameworks/CoreGraphics.framework; sourceTree = SDKROOT; };
		B7251F121B6EF2FA00817397 /* CoreLocation.framework */ = {isa = PBXFileReference; lastKnownFileType = wrapper.framework; name = CoreLocation.framework; path = System/Library/Frameworks/CoreLocation.framework; sourceTree = SDKROOT; };
		B7251F141B6EF31100817397 /* QuartzCore.framework */ = {isa = PBXFileReference; lastKnownFileType = wrapper.framework; name = QuartzCore.framework; path = System/Library/Frameworks/QuartzCore.framework; sourceTree = SDKROOT; };
		B7251F161B6EF31600817397 /* Security.framework */ = {isa = PBXFileReference; lastKnownFileType = wrapper.framework; name = Security.framework; path = System/Library/Frameworks/Security.framework; sourceTree = SDKROOT; };
		B7251F181B6EF31F00817397 /* StoreKit.framework */ = {isa = PBXFileReference; lastKnownFileType = wrapper.framework; name = StoreKit.framework; path = System/Library/Frameworks/StoreKit.framework; sourceTree = SDKROOT; };
		B7251F1A1B6EF32B00817397 /* SystemConfiguration.framework */ = {isa = PBXFileReference; lastKnownFileType = wrapper.framework; name = SystemConfiguration.framework; path = System/Library/Frameworks/SystemConfiguration.framework; sourceTree = SDKROOT; };
		B7251F1C1B6EF33B00817397 /* libz.dylib */ = {isa = PBXFileReference; lastKnownFileType = "compiled.mach-o.dylib"; name = libz.dylib; path = usr/lib/libz.dylib; sourceTree = SDKROOT; };
		B7251F1E1B6EF34D00817397 /* libsqlite3.dylib */ = {isa = PBXFileReference; lastKnownFileType = "compiled.mach-o.dylib"; name = libsqlite3.dylib; path = usr/lib/libsqlite3.dylib; sourceTree = SDKROOT; };
/* End PBXFileReference section */

/* Begin PBXFrameworksBuildPhase section */
		B7251EDC1B6EF14100817397 /* Frameworks */ = {
			isa = PBXFrameworksBuildPhase;
			buildActionMask = 2147483647;
			files = (
				B7251F1F1B6EF34D00817397 /* libsqlite3.dylib in Frameworks */,
				B7251F1D1B6EF33B00817397 /* libz.dylib in Frameworks */,
				B7251F1B1B6EF32B00817397 /* SystemConfiguration.framework in Frameworks */,
				B7251F191B6EF31F00817397 /* StoreKit.framework in Frameworks */,
				B7251F171B6EF31600817397 /* Security.framework in Frameworks */,
				B7251F151B6EF31100817397 /* QuartzCore.framework in Frameworks */,
				B7251F131B6EF2FA00817397 /* CoreLocation.framework in Frameworks */,
				B7251F111B6EF2EF00817397 /* CoreGraphics.framework in Frameworks */,
				B7251F0F1B6EF2E600817397 /* CFNetwork.framework in Frameworks */,
				B7251F0D1B6EF2E200817397 /* AudioToolbox.framework in Frameworks */,
				B7251F091B6EF29200817397 /* Parse.framework in Frameworks */,
				B7251F0B1B6EF29C00817397 /* Bolts.framework in Frameworks */,
			);
			runOnlyForDeploymentPostprocessing = 0;
		};
		B7251EF51B6EF14100817397 /* Frameworks */ = {
			isa = PBXFrameworksBuildPhase;
			buildActionMask = 2147483647;
			files = (
			);
			runOnlyForDeploymentPostprocessing = 0;
		};
/* End PBXFrameworksBuildPhase section */

/* Begin PBXGroup section */
		B7251ED61B6EF14100817397 = {
			isa = PBXGroup;
			children = (
				B7251F1E1B6EF34D00817397 /* libsqlite3.dylib */,
				B7251F1C1B6EF33B00817397 /* libz.dylib */,
				B7251F1A1B6EF32B00817397 /* SystemConfiguration.framework */,
				B7251F181B6EF31F00817397 /* StoreKit.framework */,
				B7251F161B6EF31600817397 /* Security.framework */,
				B7251F141B6EF31100817397 /* QuartzCore.framework */,
				B7251F121B6EF2FA00817397 /* CoreLocation.framework */,
				B7251F101B6EF2EF00817397 /* CoreGraphics.framework */,
				B7251F0E1B6EF2E600817397 /* CFNetwork.framework */,
				B7251F0C1B6EF2E100817397 /* AudioToolbox.framework */,
				B7251F0A1B6EF29C00817397 /* Bolts.framework */,
				B7251F081B6EF29200817397 /* Parse.framework */,
				B7251EE11B6EF14100817397 /* BusFindr */,
				B7251EFB1B6EF14100817397 /* BusFindrTests */,
				B7251EE01B6EF14100817397 /* Products */,
			);
			sourceTree = "<group>";
		};
		B7251EE01B6EF14100817397 /* Products */ = {
			isa = PBXGroup;
			children = (
				B7251EDF1B6EF14100817397 /* BusFindr.app */,
				B7251EF81B6EF14100817397 /* BusFindrTests.xctest */,
			);
			name = Products;
			sourceTree = "<group>";
		};
		B7251EE11B6EF14100817397 /* BusFindr */ = {
			isa = PBXGroup;
			children = (
				B7251EE61B6EF14100817397 /* AppDelegate.h */,
				B7251EE71B6EF14100817397 /* AppDelegate.m */,
				B7251EE91B6EF14100817397 /* ViewController.h */,
				B7251EEA1B6EF14100817397 /* ViewController.m */,
				B7251EEC1B6EF14100817397 /* Main.storyboard */,
				B7251EEF1B6EF14100817397 /* Images.xcassets */,
				B7251EF11B6EF14100817397 /* LaunchScreen.xib */,
				B7251EE21B6EF14100817397 /* Supporting Files */,
			);
			path = BusFindr;
			sourceTree = "<group>";
		};
		B7251EE21B6EF14100817397 /* Supporting Files */ = {
			isa = PBXGroup;
			children = (
				B7251EE31B6EF14100817397 /* Info.plist */,
				B7251EE41B6EF14100817397 /* main.m */,
			);
			name = "Supporting Files";
			sourceTree = "<group>";
		};
		B7251EFB1B6EF14100817397 /* BusFindrTests */ = {
			isa = PBXGroup;
			children = (
				B7251EFE1B6EF14100817397 /* BusFindrTests.m */,
				B7251EFC1B6EF14100817397 /* Supporting Files */,
			);
			path = BusFindrTests;
			sourceTree = "<group>";
		};
		B7251EFC1B6EF14100817397 /* Supporting Files */ = {
			isa = PBXGroup;
			children = (
				B7251EFD1B6EF14100817397 /* Info.plist */,
			);
			name = "Supporting Files";
			sourceTree = "<group>";
		};
/* End PBXGroup section */

/* Begin PBXNativeTarget section */
		B7251EDE1B6EF14100817397 /* BusFindr */ = {
			isa = PBXNativeTarget;
			buildConfigurationList = B7251F021B6EF14100817397 /* Build configuration list for PBXNativeTarget "BusFindr" */;
			buildPhases = (
				B7251EDB1B6EF14100817397 /* Sources */,
				B7251EDC1B6EF14100817397 /* Frameworks */,
				B7251EDD1B6EF14100817397 /* Resources */,
			);
			buildRules = (
			);
			dependencies = (
			);
			name = BusFindr;
			productName = BusFindr;
			productReference = B7251EDF1B6EF14100817397 /* BusFindr.app */;
			productType = "com.apple.product-type.application";
		};
		B7251EF71B6EF14100817397 /* BusFindrTests */ = {
			isa = PBXNativeTarget;
			buildConfigurationList = B7251F051B6EF14100817397 /* Build configuration list for PBXNativeTarget "BusFindrTests" */;
			buildPhases = (
				B7251EF41B6EF14100817397 /* Sources */,
				B7251EF51B6EF14100817397 /* Frameworks */,
				B7251EF61B6EF14100817397 /* Resources */,
			);
			buildRules = (
			);
			dependencies = (
				B7251EFA1B6EF14100817397 /* PBXTargetDependency */,
			);
			name = BusFindrTests;
			productName = BusFindrTests;
			productReference = B7251EF81B6EF14100817397 /* BusFindrTests.xctest */;
			productType = "com.apple.product-type.bundle.unit-test";
		};
/* End PBXNativeTarget section */

/* Begin PBXProject section */
		B7251ED71B6EF14100817397 /* Project object */ = {
			isa = PBXProject;
			attributes = {
				LastUpgradeCheck = 0640;
				ORGANIZATIONNAME = "Teja Kondapalli";
				TargetAttributes = {
					B7251EDE1B6EF14100817397 = {
						CreatedOnToolsVersion = 6.4;
					};
					B7251EF71B6EF14100817397 = {
						CreatedOnToolsVersion = 6.4;
						TestTargetID = B7251EDE1B6EF14100817397;
					};
				};
			};
			buildConfigurationList = B7251EDA1B6EF14100817397 /* Build configuration list for PBXProject "BusFindr" */;
			compatibilityVersion = "Xcode 3.2";
			developmentRegion = English;
			hasScannedForEncodings = 0;
			knownRegions = (
				en,
				Base,
			);
			mainGroup = B7251ED61B6EF14100817397;
			productRefGroup = B7251EE01B6EF14100817397 /* Products */;
			projectDirPath = "";
			projectRoot = "";
			targets = (
				B7251EDE1B6EF14100817397 /* BusFindr */,
				B7251EF71B6EF14100817397 /* BusFindrTests */,
			);
		};
/* End PBXProject section */

/* Begin PBXResourcesBuildPhase section */
		B7251EDD1B6EF14100817397 /* Resources */ = {
			isa = PBXResourcesBuildPhase;
			buildActionMask = 2147483647;
			files = (
				B7251EEE1B6EF14100817397 /* Main.storyboard in Resources */,
				B7251EF31B6EF14100817397 /* LaunchScreen.xib in Resources */,
				B7251EF01B6EF14100817397 /* Images.xcassets in Resources */,
			);
			runOnlyForDeploymentPostprocessing = 0;
		};
		B7251EF61B6EF14100817397 /* Resources */ = {
			isa = PBXResourcesBuildPhase;
			buildActionMask = 2147483647;
			files = (
			);
			runOnlyForDeploymentPostprocessing = 0;
		};
/* End PBXResourcesBuildPhase section */

/* Begin PBXSourcesBuildPhase section */
		B7251EDB1B6EF14100817397 /* Sources */ = {
			isa = PBXSourcesBuildPhase;
			buildActionMask = 2147483647;
			files = (
				B7251EEB1B6EF14100817397 /* ViewController.m in Sources */,
				B7251EE81B6EF14100817397 /* AppDelegate.m in Sources */,
				B7251EE51B6EF14100817397 /* main.m in Sources */,
			);
			runOnlyForDeploymentPostprocessing = 0;
		};
		B7251EF41B6EF14100817397 /* Sources */ = {
			isa = PBXSourcesBuildPhase;
			buildActionMask = 2147483647;
			files = (
				B7251EFF1B6EF14100817397 /* BusFindrTests.m in Sources */,
			);
			runOnlyForDeploymentPostprocessing = 0;
		};
/* End PBXSourcesBuildPhase section */

/* Begin PBXTargetDependency section */
		B7251EFA1B6EF14100817397 /* PBXTargetDependency */ = {
			isa = PBXTargetDependency;
			target = B7251EDE1B6EF14100817397 /* BusFindr */;
			targetProxy = B7251EF91B6EF14100817397 /* PBXContainerItemProxy */;
		};
/* End PBXTargetDependency section */

/* Begin PBXVariantGroup section */
		B7251EEC1B6EF14100817397 /* Main.storyboard */ = {
			isa = PBXVariantGroup;
			children = (
				B7251EED1B6EF14100817397 /* Base */,
			);
			name = Main.storyboard;
			sourceTree = "<group>";
		};
		B7251EF11B6EF14100817397 /* LaunchScreen.xib */ = {
			isa = PBXVariantGroup;
			children = (
				B7251EF21B6EF14100817397 /* Base */,
			);
			name = LaunchScreen.xib;
			sourceTree = "<group>";
		};
/* End PBXVariantGroup section */

/* Begin XCBuildConfiguration section */
		B7251F001B6EF14100817397 /* Debug */ = {
			isa = XCBuildConfiguration;
			buildSettings = {
				ALWAYS_SEARCH_USER_PATHS = NO;
				CLANG_CXX_LANGUAGE_STANDARD = "gnu++0x";
				CLANG_CXX_LIBRARY = "libc++";
				CLANG_ENABLE_MODULES = YES;
				CLANG_ENABLE_OBJC_ARC = YES;
				CLANG_WARN_BOOL_CONVERSION = YES;
				CLANG_WARN_CONSTANT_CONVERSION = YES;
				CLANG_WARN_DIRECT_OBJC_ISA_USAGE = YES_ERROR;
				CLANG_WARN_EMPTY_BODY = YES;
				CLANG_WARN_ENUM_CONVERSION = YES;
				CLANG_WARN_INT_CONVERSION = YES;
				CLANG_WARN_OBJC_ROOT_CLASS = YES_ERROR;
				CLANG_WARN_UNREACHABLE_CODE = YES;
				CLANG_WARN__DUPLICATE_METHOD_MATCH = YES;
				"CODE_SIGN_IDENTITY[sdk=iphoneos*]" = "iPhone Developer";
				COPY_PHASE_STRIP = NO;
				DEBUG_INFORMATION_FORMAT = "dwarf-with-dsym";
				ENABLE_STRICT_OBJC_MSGSEND = YES;
				GCC_C_LANGUAGE_STANDARD = gnu99;
				GCC_DYNAMIC_NO_PIC = NO;
				GCC_NO_COMMON_BLOCKS = YES;
				GCC_OPTIMIZATION_LEVEL = 0;
				GCC_PREPROCESSOR_DEFINITIONS = (
					"DEBUG=1",
					"$(inherited)",
				);
				GCC_SYMBOLS_PRIVATE_EXTERN = NO;
				GCC_WARN_64_TO_32_BIT_CONVERSION = YES;
				GCC_WARN_ABOUT_RETURN_TYPE = YES_ERROR;
				GCC_WARN_UNDECLARED_SELECTOR = YES;
				GCC_WARN_UNINITIALIZED_AUTOS = YES_AGGRESSIVE;
				GCC_WARN_UNUSED_FUNCTION = YES;
				GCC_WARN_UNUSED_VARIABLE = YES;
				IPHONEOS_DEPLOYMENT_TARGET = 8.4;
				MTL_ENABLE_DEBUG_INFO = YES;
				ONLY_ACTIVE_ARCH = YES;
				SDKROOT = iphoneos;
			};
			name = Debug;
		};
		B7251F011B6EF14100817397 /* Release */ = {
			isa = XCBuildConfiguration;
			buildSettings = {
				ALWAYS_SEARCH_USER_PATHS = NO;
				CLANG_CXX_LANGUAGE_STANDARD = "gnu++0x";
				CLANG_CXX_LIBRARY = "libc++";
				CLANG_ENABLE_MODULES = YES;
				CLANG_ENABLE_OBJC_ARC = YES;
				CLANG_WARN_BOOL_CONVERSION = YES;
				CLANG_WARN_CONSTANT_CONVERSION = YES;
				CLANG_WARN_DIRECT_OBJC_ISA_USAGE = YES_ERROR;
				CLANG_WARN_EMPTY_BODY = YES;
				CLANG_WARN_ENUM_CONVERSION = YES;
				CLANG_WARN_INT_CONVERSION = YES;
				CLANG_WARN_OBJC_ROOT_CLASS = YES_ERROR;
				CLANG_WARN_UNREACHABLE_CODE = YES;
				CLANG_WARN__DUPLICATE_METHOD_MATCH = YES;
				"CODE_SIGN_IDENTITY[sdk=iphoneos*]" = "iPhone Developer";
				COPY_PHASE_STRIP = NO;
				DEBUG_INFORMATION_FORMAT = "dwarf-with-dsym";
				ENABLE_NS_ASSERTIONS = NO;
				ENABLE_STRICT_OBJC_MSGSEND = YES;
				GCC_C_LANGUAGE_STANDARD = gnu99;
				GCC_NO_COMMON_BLOCKS = YES;
				GCC_WARN_64_TO_32_BIT_CONVERSION = YES;
				GCC_WARN_ABOUT_RETURN_TYPE = YES_ERROR;
				GCC_WARN_UNDECLARED_SELECTOR = YES;
				GCC_WARN_UNINITIALIZED_AUTOS = YES_AGGRESSIVE;
				GCC_WARN_UNUSED_FUNCTION = YES;
				GCC_WARN_UNUSED_VARIABLE = YES;
				IPHONEOS_DEPLOYMENT_TARGET = 8.4;
				MTL_ENABLE_DEBUG_INFO = NO;
				SDKROOT = iphoneos;
				VALIDATE_PRODUCT = YES;
			};
			name = Release;
		};
		B7251F031B6EF14100817397 /* Debug */ = {
			isa = XCBuildConfiguration;
			buildSettings = {
				ASSETCATALOG_COMPILER_APPICON_NAME = AppIcon;
				FRAMEWORK_SEARCH_PATHS = (
					"$(inherited)",
					"$(PROJECT_DIR)",
				);
				INFOPLIST_FILE = BusFindr/Info.plist;
				IPHONEOS_DEPLOYMENT_TARGET = 8.1;
				LD_RUNPATH_SEARCH_PATHS = "$(inherited) @executable_path/Frameworks";
				PRODUCT_NAME = "$(TARGET_NAME)";
			};
			name = Debug;
		};
		B7251F041B6EF14100817397 /* Release */ = {
			isa = XCBuildConfiguration;
			buildSettings = {
				ASSETCATALOG_COMPILER_APPICON_NAME = AppIcon;
				FRAMEWORK_SEARCH_PATHS = (
					"$(inherited)",
					"$(PROJECT_DIR)",
				);
				INFOPLIST_FILE = BusFindr/Info.plist;
				IPHONEOS_DEPLOYMENT_TARGET = 8.1;
				LD_RUNPATH_SEARCH_PATHS = "$(inherited) @executable_path/Frameworks";
				PRODUCT_NAME = "$(TARGET_NAME)";
			};
			name = Release;
		};
		B7251F061B6EF14100817397 /* Debug */ = {
			isa = XCBuildConfiguration;
			buildSettings = {
				BUNDLE_LOADER = "$(TEST_HOST)";
				FRAMEWORK_SEARCH_PATHS = (
					"$(SDKROOT)/Developer/Library/Frameworks",
					"$(inherited)",
				);
				GCC_PREPROCESSOR_DEFINITIONS = (
					"DEBUG=1",
					"$(inherited)",
				);
				INFOPLIST_FILE = BusFindrTests/Info.plist;
				LD_RUNPATH_SEARCH_PATHS = "$(inherited) @executable_path/Frameworks @loader_path/Frameworks";
				PRODUCT_NAME = "$(TARGET_NAME)";
				TEST_HOST = "$(BUILT_PRODUCTS_DIR)/BusFindr.app/BusFindr";
			};
			name = Debug;
		};
		B7251F071B6EF14100817397 /* Release */ = {
			isa = XCBuildConfiguration;
			buildSettings = {
				BUNDLE_LOADER = "$(TEST_HOST)";
				FRAMEWORK_SEARCH_PATHS = (
					"$(SDKROOT)/Developer/Library/Frameworks",
					"$(inherited)",
				);
				INFOPLIST_FILE = BusFindrTests/Info.plist;
				LD_RUNPATH_SEARCH_PATHS = "$(inherited) @executable_path/Frameworks @loader_path/Frameworks";
				PRODUCT_NAME = "$(TARGET_NAME)";
				TEST_HOST = "$(BUILT_PRODUCTS_DIR)/BusFindr.app/BusFindr";
			};
			name = Release;
		};
/* End XCBuildConfiguration section */

/* Begin XCConfigurationList section */
		B7251EDA1B6EF14100817397 /* Build configuration list for PBXProject "BusFindr" */ = {
			isa = XCConfigurationList;
			buildConfigurations = (
				B7251F001B6EF14100817397 /* Debug */,
				B7251F011B6EF14100817397 /* Release */,
			);
			defaultConfigurationIsVisible = 0;
			defaultConfigurationName = Release;
		};
		B7251F021B6EF14100817397 /* Build configuration list for PBXNativeTarget "BusFindr" */ = {
			isa = XCConfigurationList;
			buildConfigurations = (
				B7251F031B6EF14100817397 /* Debug */,
				B7251F041B6EF14100817397 /* Release */,
			);
			defaultConfigurationIsVisible = 0;
			defaultConfigurationName = Release;
		};
		B7251F051B6EF14100817397 /* Build configuration list for PBXNativeTarget "BusFindrTests" */ = {
			isa = XCConfigurationList;
			buildConfigurations = (
				B7251F061B6EF14100817397 /* Debug */,
				B7251F071B6EF14100817397 /* Release */,
			);
			defaultConfigurationIsVisible = 0;
			defaultConfigurationName = Release;
		};
/* End XCConfigurationList section */
	};
	rootObject = B7251ED71B6EF14100817397 /* Project object */;
}
